// !$*UTF8*$!
{
	archiveVersion = 1;
	classes = {
	};
	objectVersion = 55;
	objects = {

/* Begin PBXBuildFile section */
		4DE8FD8D29164C3F008D2AA2 /* main.cpp in Sources */ = {isa = PBXBuildFile; fileRef = 4DE8FD8C29164C3F008D2AA2 /* main.cpp */; };
/* End PBXBuildFile section */

/* Begin PBXCopyFilesBuildPhase section */
		4DE8FD8729164C3F008D2AA2 /* CopyFiles */ = {
			isa = PBXCopyFilesBuildPhase;
			buildActionMask = 2147483647;
			dstPath = /usr/share/man/man1/;
			dstSubfolderSpec = 0;
			files = (
			);
			runOnlyForDeploymentPostprocessing = 1;
		};
/* End PBXCopyFilesBuildPhase section */

/* Begin PBXFileReference section */
		4D184521293D9475003E0F26 /* abstract_class.hpp */ = {isa = PBXFileReference; lastKnownFileType = sourcecode.cpp.h; path = abstract_class.hpp; sourceTree = "<group>"; };
		4D1845222949ADC6003E0F26 /* class_practice.hpp */ = {isa = PBXFileReference; lastKnownFileType = sourcecode.cpp.h; path = class_practice.hpp; sourceTree = "<group>"; };
		4DBF038C292B1D46006E90A1 /* derive_class.hpp */ = {isa = PBXFileReference; lastKnownFileType = sourcecode.cpp.h; path = derive_class.hpp; sourceTree = "<group>"; };
		4DDE955B2953049A00FF9640 /* initialize_list.hpp */ = {isa = PBXFileReference; lastKnownFileType = sourcecode.cpp.h; path = initialize_list.hpp; sourceTree = "<group>"; };
		4DDE955C295AE7C100FF9640 /* member_functions.hpp */ = {isa = PBXFileReference; lastKnownFileType = sourcecode.cpp.h; path = member_functions.hpp; sourceTree = "<group>"; };
		4DE8FD8929164C3F008D2AA2 /* ObjectOriented */ = {isa = PBXFileReference; explicitFileType = "compiled.mach-o.executable"; includeInIndex = 0; path = ObjectOriented; sourceTree = BUILT_PRODUCTS_DIR; };
		4DE8FD8C29164C3F008D2AA2 /* main.cpp */ = {isa = PBXFileReference; lastKnownFileType = sourcecode.cpp.cpp; path = main.cpp; sourceTree = "<group>"; };
		4DE8FD9329164CFA008D2AA2 /* constructor.hpp */ = {isa = PBXFileReference; lastKnownFileType = sourcecode.cpp.h; path = constructor.hpp; sourceTree = "<group>"; };
		4DE8FD9429164DB8008D2AA2 /* virtual_table.hpp */ = {isa = PBXFileReference; lastKnownFileType = sourcecode.cpp.h; path = virtual_table.hpp; sourceTree = "<group>"; };
/* End PBXFileReference section */

/* Begin PBXFrameworksBuildPhase section */
		4DE8FD8629164C3F008D2AA2 /* Frameworks */ = {
			isa = PBXFrameworksBuildPhase;
			buildActionMask = 2147483647;
			files = (
			);
			runOnlyForDeploymentPostprocessing = 0;
		};
/* End PBXFrameworksBuildPhase section */

/* Begin PBXGroup section */
		4DE8FD8029164C3F008D2AA2 = {
			isa = PBXGroup;
			children = (
				4DE8FD8B29164C3F008D2AA2 /* ObjectOriented */,
				4DE8FD8A29164C3F008D2AA2 /* Products */,
			);
			sourceTree = "<group>";
		};
		4DE8FD8A29164C3F008D2AA2 /* Products */ = {
			isa = PBXGroup;
			children = (
				4DE8FD8929164C3F008D2AA2 /* ObjectOriented */,
			);
			name = Products;
			sourceTree = "<group>";
		};
		4DE8FD8B29164C3F008D2AA2 /* ObjectOriented */ = {
			isa = PBXGroup;
			children = (
				4DE8FD8C29164C3F008D2AA2 /* main.cpp */,
				4DE8FD9329164CFA008D2AA2 /* constructor.hpp */,
				4DE8FD9429164DB8008D2AA2 /* virtual_table.hpp */,
				4DBF038C292B1D46006E90A1 /* derive_class.hpp */,
				4D184521293D9475003E0F26 /* abstract_class.hpp */,
				4D1845222949ADC6003E0F26 /* class_practice.hpp */,
				4DDE955B2953049A00FF9640 /* initialize_list.hpp */,
				4DDE955C295AE7C100FF9640 /* member_functions.hpp */,
			);
			path = ObjectOriented;
			sourceTree = "<group>";
		};
/* End PBXGroup section */

/* Begin PBXNativeTarget section */
		4DE8FD8829164C3F008D2AA2 /* ObjectOriented */ = {
			isa = PBXNativeTarget;
			buildConfigurationList = 4DE8FD9029164C3F008D2AA2 /* Build configuration list for PBXNativeTarget "ObjectOriented" */;
			buildPhases = (
				4DE8FD8529164C3F008D2AA2 /* Sources */,
				4DE8FD8629164C3F008D2AA2 /* Frameworks */,
				4DE8FD8729164C3F008D2AA2 /* CopyFiles */,
			);
			buildRules = (
			);
			dependencies = (
			);
			name = ObjectOriented;
			productName = ObjectOriented;
			productReference = 4DE8FD8929164C3F008D2AA2 /* ObjectOriented */;
			productType = "com.apple.product-type.tool";
		};
/* End PBXNativeTarget section */

/* Begin PBXProject section */
		4DE8FD8129164C3F008D2AA2 /* Project object */ = {
			isa = PBXProject;
			attributes = {
				BuildIndependentTargetsInParallel = 1;
				LastUpgradeCheck = 1340;
				TargetAttributes = {
					4DE8FD8829164C3F008D2AA2 = {
						CreatedOnToolsVersion = 13.4.1;
					};
				};
			};
			buildConfigurationList = 4DE8FD8429164C3F008D2AA2 /* Build configuration list for PBXProject "ObjectOriented" */;
			compatibilityVersion = "Xcode 13.0";
			developmentRegion = en;
			hasScannedForEncodings = 0;
			knownRegions = (
				en,
				Base,
			);
			mainGroup = 4DE8FD8029164C3F008D2AA2;
			productRefGroup = 4DE8FD8A29164C3F008D2AA2 /* Products */;
			projectDirPath = "";
			projectRoot = "";
			targets = (
				4DE8FD8829164C3F008D2AA2 /* ObjectOriented */,
			);
		};
/* End PBXProject section */

/* Begin PBXSourcesBuildPhase section */
		4DE8FD8529164C3F008D2AA2 /* Sources */ = {
			isa = PBXSourcesBuildPhase;
			buildActionMask = 2147483647;
			files = (
				4DE8FD8D29164C3F008D2AA2 /* main.cpp in Sources */,
			);
			runOnlyForDeploymentPostprocessing = 0;
		};
/* End PBXSourcesBuildPhase section */

/* Begin XCBuildConfiguration section */
		4DE8FD8E29164C3F008D2AA2 /* Debug */ = {
			isa = XCBuildConfiguration;
			buildSettings = {
				ALWAYS_SEARCH_USER_PATHS = NO;
				CLANG_ANALYZER_NONNULL = YES;
				CLANG_ANALYZER_NUMBER_OBJECT_CONVERSION = YES_AGGRESSIVE;
				CLANG_CXX_LANGUAGE_STANDARD = "gnu++17";
				CLANG_ENABLE_MODULES = YES;
				CLANG_ENABLE_OBJC_ARC = YES;
				CLANG_ENABLE_OBJC_WEAK = YES;
				CLANG_WARN_BLOCK_CAPTURE_AUTORELEASING = YES;
				CLANG_WARN_BOOL_CONVERSION = YES;
				CLANG_WARN_COMMA = YES;
				CLANG_WARN_CONSTANT_CONVERSION = YES;
				CLANG_WARN_DEPRECATED_OBJC_IMPLEMENTATIONS = YES;
				CLANG_WARN_DIRECT_OBJC_ISA_USAGE = YES_ERROR;
				CLANG_WARN_DOCUMENTATION_COMMENTS = YES;
				CLANG_WARN_EMPTY_BODY = YES;
				CLANG_WARN_ENUM_CONVERSION = YES;
				CLANG_WARN_INFINITE_RECURSION = YES;
				CLANG_WARN_INT_CONVERSION = YES;
				CLANG_WARN_NON_LITERAL_NULL_CONVERSION = YES;
				CLANG_WARN_OBJC_IMPLICIT_RETAIN_SELF = YES;
				CLANG_WARN_OBJC_LITERAL_CONVERSION = YES;
				CLANG_WARN_OBJC_ROOT_CLASS = YES_ERROR;
				CLANG_WARN_QUOTED_INCLUDE_IN_FRAMEWORK_HEADER = YES;
				CLANG_WARN_RANGE_LOOP_ANALYSIS = YES;
				CLANG_WARN_STRICT_PROTOTYPES = YES;
				CLANG_WARN_SUSPICIOUS_MOVE = YES;
				CLANG_WARN_UNGUARDED_AVAILABILITY = YES_AGGRESSIVE;
				CLANG_WARN_UNREACHABLE_CODE = YES;
				CLANG_WARN__DUPLICATE_METHOD_MATCH = YES;
				COPY_PHASE_STRIP = NO;
				DEBUG_INFORMATION_FORMAT = dwarf;
				ENABLE_STRICT_OBJC_MSGSEND = YES;
				ENABLE_TESTABILITY = YES;
				GCC_C_LANGUAGE_STANDARD = gnu11;
				GCC_DYNAMIC_NO_PIC = NO;
				GCC_NO_COMMON_BLOCKS = YES;
				GCC_OPTIMIZATION_LEVEL = 0;
				GCC_PREPROCESSOR_DEFINITIONS = (
					"DEBUG=1",
					"$(inherited)",
				);
				GCC_WARN_64_TO_32_BIT_CONVERSION = YES;
				GCC_WARN_ABOUT_RETURN_TYPE = YES_ERROR;
				GCC_WARN_UNDECLARED_SELECTOR = YES;
				GCC_WARN_UNINITIALIZED_AUTOS = YES_AGGRESSIVE;
				GCC_WARN_UNUSED_FUNCTION = YES;
				GCC_WARN_UNUSED_VARIABLE = YES;
				MACOSX_DEPLOYMENT_TARGET = 12.3;
				MTL_ENABLE_DEBUG_INFO = INCLUDE_SOURCE;
				MTL_FAST_MATH = YES;
				ONLY_ACTIVE_ARCH = YES;
				SDKROOT = macosx;
			};
			name = Debug;
		};
		4DE8FD8F29164C3F008D2AA2 /* Release */ = {
			isa = XCBuildConfiguration;
			buildSettings = {
				ALWAYS_SEARCH_USER_PATHS = NO;
				CLANG_ANALYZER_NONNULL = YES;
				CLANG_ANALYZER_NUMBER_OBJECT_CONVERSION = YES_AGGRESSIVE;
				CLANG_CXX_LANGUAGE_STANDARD = "gnu++17";
				CLANG_ENABLE_MODULES = YES;
				CLANG_ENABLE_OBJC_ARC = YES;
				CLANG_ENABLE_OBJC_WEAK = YES;
				CLANG_WARN_BLOCK_CAPTURE_AUTORELEASING = YES;
				CLANG_WARN_BOOL_CONVERSION = YES;
				CLANG_WARN_COMMA = YES;
				CLANG_WARN_CONSTANT_CONVERSION = YES;
				CLANG_WARN_DEPRECATED_OBJC_IMPLEMENTATIONS = YES;
				CLANG_WARN_DIRECT_OBJC_ISA_USAGE = YES_ERROR;
				CLANG_WARN_DOCUMENTATION_COMMENTS = YES;
				CLANG_WARN_EMPTY_BODY = YES;
				CLANG_WARN_ENUM_CONVERSION = YES;
				CLANG_WARN_INFINITE_RECURSION = YES;
				CLANG_WARN_INT_CONVERSION = YES;
				CLANG_WARN_NON_LITERAL_NULL_CONVERSION = YES;
				CLANG_WARN_OBJC_IMPLICIT_RETAIN_SELF = YES;
				CLANG_WARN_OBJC_LITERAL_CONVERSION = YES;
				CLANG_WARN_OBJC_ROOT_CLASS = YES_ERROR;
				CLANG_WARN_QUOTED_INCLUDE_IN_FRAMEWORK_HEADER = YES;
				CLANG_WARN_RANGE_LOOP_ANALYSIS = YES;
				CLANG_WARN_STRICT_PROTOTYPES = YES;
				CLANG_WARN_SUSPICIOUS_MOVE = YES;
				CLANG_WARN_UNGUARDED_AVAILABILITY = YES_AGGRESSIVE;
				CLANG_WARN_UNREACHABLE_CODE = YES;
				CLANG_WARN__DUPLICATE_METHOD_MATCH = YES;
				COPY_PHASE_STRIP = NO;
				DEBUG_INFORMATION_FORMAT = "dwarf-with-dsym";
				ENABLE_NS_ASSERTIONS = NO;
				ENABLE_STRICT_OBJC_MSGSEND = YES;
				GCC_C_LANGUAGE_STANDARD = gnu11;
				GCC_NO_COMMON_BLOCKS = YES;
				GCC_WARN_64_TO_32_BIT_CONVERSION = YES;
				GCC_WARN_ABOUT_RETURN_TYPE = YES_ERROR;
				GCC_WARN_UNDECLARED_SELECTOR = YES;
				GCC_WARN_UNINITIALIZED_AUTOS = YES_AGGRESSIVE;
				GCC_WARN_UNUSED_FUNCTION = YES;
				GCC_WARN_UNUSED_VARIABLE = YES;
				MACOSX_DEPLOYMENT_TARGET = 12.3;
				MTL_ENABLE_DEBUG_INFO = NO;
				MTL_FAST_MATH = YES;
				SDKROOT = macosx;
			};
			name = Release;
		};
		4DE8FD9129164C3F008D2AA2 /* Debug */ = {
			isa = XCBuildConfiguration;
			buildSettings = {
				CLANG_CXX_LANGUAGE_STANDARD = "gnu++0x";
				CODE_SIGN_STYLE = Automatic;
				DEVELOPMENT_TEAM = K998G3VUET;
				ENABLE_HARDENED_RUNTIME = YES;
				OTHER_CPLUSPLUSFLAGS = "$(OTHER_CFLAGS)";
				PRODUCT_NAME = "$(TARGET_NAME)";
			};
			name = Debug;
		};
		4DE8FD9229164C3F008D2AA2 /* Release */ = {
			isa = XCBuildConfiguration;
			buildSettings = {
				CLANG_CXX_LANGUAGE_STANDARD = "gnu++0x";
				CODE_SIGN_STYLE = Automatic;
				DEVELOPMENT_TEAM = K998G3VUET;
				ENABLE_HARDENED_RUNTIME = YES;
				OTHER_CPLUSPLUSFLAGS = "$(OTHER_CFLAGS)";
				PRODUCT_NAME = "$(TARGET_NAME)";
			};
			name = Release;
		};
/* End XCBuildConfiguration section */

/* Begin XCConfigurationList section */
		4DE8FD8429164C3F008D2AA2 /* Build configuration list for PBXProject "ObjectOriented" */ = {
			isa = XCConfigurationList;
			buildConfigurations = (
				4DE8FD8E29164C3F008D2AA2 /* Debug */,
				4DE8FD8F29164C3F008D2AA2 /* Release */,
			);
			defaultConfigurationIsVisible = 0;
			defaultConfigurationName = Release;
		};
		4DE8FD9029164C3F008D2AA2 /* Build configuration list for PBXNativeTarget "ObjectOriented" */ = {
			isa = XCConfigurationList;
			buildConfigurations = (
				4DE8FD9129164C3F008D2AA2 /* Debug */,
				4DE8FD9229164C3F008D2AA2 /* Release */,
			);
			defaultConfigurationIsVisible = 0;
			defaultConfigurationName = Release;
		};
/* End XCConfigurationList section */
	};
	rootObject = 4DE8FD8129164C3F008D2AA2 /* Project object */;
}
